
Microsoft Visual Studio Solution File, Format Version 12.00
# Visual Studio 14
VisualStudioVersion = 14.0.25420.1
MinimumVisualStudioVersion = 10.0.40219.1
Project("{FAE04EC0-301F-11D3-BF4B-00C04F79EFBC}") = "LiveToLift.Web", "LiveToLift.Web\LiveToLift.Web.csproj", "{4179EDE0-7ADE-4E75-BF24-B70A3EEF1A50}"
EndProject
Project("{FAE04EC0-301F-11D3-BF4B-00C04F79EFBC}") = "LiveToLift.Web.Tests", "LiveToLift.Web.Tests\LiveToLift.Web.Tests.csproj", "{1DCA6C13-71A6-4E3F-8028-ADA90BCFDB6B}"
EndProject
Project("{FAE04EC0-301F-11D3-BF4B-00C04F79EFBC}") = "LiveToLift.Models", "LiveToLift.Models\LiveToLift.Models.csproj", "{B45DB996-C5F0-4C9C-90B4-3A37E252EE87}"
EndProject
Project("{FAE04EC0-301F-11D3-BF4B-00C04F79EFBC}") = "LiveToLift.Data", "LiveToLift.Data\LiveToLift.Data.csproj", "{17D6344A-57FA-49DE-AB34-B36DE6F0EC54}"
EndProject
Project("{FAE04EC0-301F-11D3-BF4B-00C04F79EFBC}") = "LiveToLift.Services", "LiveToLift.Services\LiveToLift.Services.csproj", "{BC908AEF-152F-4895-9379-92EAE7AE10BA}"
EndProject
Project("{FAE04EC0-301F-11D3-BF4B-00C04F79EFBC}") = "LiveToLift.Web.Infrastructure", "LiveToLift.Web.Infrastructure\LiveToLift.Web.Infrastructure.csproj", "{BDB3A117-3405-45DE-8C5A-7EA5356BBABE}"
EndProject
Project("{FAE04EC0-301F-11D3-BF4B-00C04F79EFBC}") = "LiveToLift.Crawler", "LiveToLift.Crawler\LiveToLift.Crawler.csproj", "{586DFC35-6ED8-43E5-B4C5-D21829EDBB9F}"
EndProject
Global
	GlobalSection(SolutionConfigurationPlatforms) = preSolution
		Debug|Any CPU = Debug|Any CPU
		Release|Any CPU = Release|Any CPU
	EndGlobalSection
	GlobalSection(ProjectConfigurationPlatforms) = postSolution
		{4179EDE0-7ADE-4E75-BF24-B70A3EEF1A50}.Debug|Any CPU.ActiveCfg = Debug|Any CPU
		{4179EDE0-7ADE-4E75-BF24-B70A3EEF1A50}.Debug|Any CPU.Build.0 = Debug|Any CPU
		{4179EDE0-7ADE-4E75-BF24-B70A3EEF1A50}.Release|Any CPU.ActiveCfg = Release|Any CPU
		{4179EDE0-7ADE-4E75-BF24-B70A3EEF1A50}.Release|Any CPU.Build.0 = Release|Any CPU
		{1DCA6C13-71A6-4E3F-8028-ADA90BCFDB6B}.Debug|Any CPU.ActiveCfg = Debug|Any CPU
		{1DCA6C13-71A6-4E3F-8028-ADA90BCFDB6B}.Debug|Any CPU.Build.0 = Debug|Any CPU
		{1DCA6C13-71A6-4E3F-8028-ADA90BCFDB6B}.Release|Any CPU.ActiveCfg = Release|Any CPU
		{1DCA6C13-71A6-4E3F-8028-ADA90BCFDB6B}.Release|Any CPU.Build.0 = Release|Any CPU
		{B45DB996-C5F0-4C9C-90B4-3A37E252EE87}.Debug|Any CPU.ActiveCfg = Debug|Any CPU
		{B45DB996-C5F0-4C9C-90B4-3A37E252EE87}.Debug|Any CPU.Build.0 = Debug|Any CPU
		{B45DB996-C5F0-4C9C-90B4-3A37E252EE87}.Release|Any CPU.ActiveCfg = Release|Any CPU
		{B45DB996-C5F0-4C9C-90B4-3A37E252EE87}.Release|Any CPU.Build.0 = Release|Any CPU
		{17D6344A-57FA-49DE-AB34-B36DE6F0EC54}.Debug|Any CPU.ActiveCfg = Debug|Any CPU
		{17D6344A-57FA-49DE-AB34-B36DE6F0EC54}.Debug|Any CPU.Build.0 = Debug|Any CPU
		{17D6344A-57FA-49DE-AB34-B36DE6F0EC54}.Release|Any CPU.ActiveCfg = Release|Any CPU
		{17D6344A-57FA-49DE-AB34-B36DE6F0EC54}.Release|Any CPU.Build.0 = Release|Any CPU
		{BC908AEF-152F-4895-9379-92EAE7AE10BA}.Debug|Any CPU.ActiveCfg = Debug|Any CPU
		{BC908AEF-152F-4895-9379-92EAE7AE10BA}.Debug|Any CPU.Build.0 = Debug|Any CPU
		{BC908AEF-152F-4895-9379-92EAE7AE10BA}.Release|Any CPU.ActiveCfg = Release|Any CPU
		{BC908AEF-152F-4895-9379-92EAE7AE10BA}.Release|Any CPU.Build.0 = Release|Any CPU
		{BDB3A117-3405-45DE-8C5A-7EA5356BBABE}.Debug|Any CPU.ActiveCfg = Debug|Any CPU
		{BDB3A117-3405-45DE-8C5A-7EA5356BBABE}.Debug|Any CPU.Build.0 = Debug|Any CPU
		{BDB3A117-3405-45DE-8C5A-7EA5356BBABE}.Release|Any CPU.ActiveCfg = Release|Any CPU
		{BDB3A117-3405-45DE-8C5A-7EA5356BBABE}.Release|Any CPU.Build.0 = Release|Any CPU
		{586DFC35-6ED8-43E5-B4C5-D21829EDBB9F}.Debug|Any CPU.ActiveCfg = Debug|Any CPU
		{586DFC35-6ED8-43E5-B4C5-D21829EDBB9F}.Debug|Any CPU.Build.0 = Debug|Any CPU
		{586DFC35-6ED8-43E5-B4C5-D21829EDBB9F}.Release|Any CPU.ActiveCfg = Release|Any CPU
		{586DFC35-6ED8-43E5-B4C5-D21829EDBB9F}.Release|Any CPU.Build.0 = Release|Any CPU
	EndGlobalSection
	GlobalSection(SolutionProperties) = preSolution
		HideSolutionNode = FALSE
	EndGlobalSection
EndGlobal
